{
  "name": "prisma-genumerate",
  "version": "1.0.0",
  "lockfileVersion": 1,
  "requires": true,
  "dependencies": {
    "@prisma/engines": {
      "version": "3.1.0-24.c22652b7e418506fab23052d569b85d3aec4883f",
      "resolved": "https://registry.npmjs.org/@prisma/engines/-/engines-3.1.0-24.c22652b7e418506fab23052d569b85d3aec4883f.tgz",
      "integrity": "sha512-6NEp0VlLho3hVtIvj2P4h0e19AYqQSXtFGts8gSIXDnV+l5pRFZaDMfGo2RiLMR0Kfrs8c3ZYxYX0sWmVL0tWw=="
    },
    "arg": {
      "version": "5.0.1",
      "resolved": "https://registry.npmjs.org/arg/-/arg-5.0.1.tgz",
      "integrity": "sha512-e0hDa9H2Z9AwFkk2qDlwhoMYE4eToKarchkQHovNdLTCYMHZHeRjI71crOh+dio4K6u1IcwubQqo79Ga4CyAQA=="
    },
    "prettier": {
      "version": "2.4.1",
      "resolved": "https://registry.npmjs.org/prettier/-/prettier-2.4.1.tgz",
      "integrity": "sha512-9fbDAXSBcc6Bs1mZrDYb3XKzDLm4EXXL9sC1LqKP5rZkT6KRr/rf9amVUcODVXgguK/isJz0d0hP72WeaKWsvA=="
    },
    "prisma": {
      "version": "3.1.1",
      "resolved": "https://registry.npmjs.org/prisma/-/prisma-3.1.1.tgz",
      "integrity": "sha512-+eZtWIL6hnOKUOvqq9WLBzSw2d/EbTmOx1Td1LI8/0XE40ctXMLG2N1p6NK5/+yivGaoNJ9PDpPsPL9lO4nJrQ==",
      "requires": {
        "@prisma/engines": "3.1.0-24.c22652b7e418506fab23052d569b85d3aec4883f"
      }
    }
  }
}
